
Microsoft Visual Studio Solution File, Format Version 12.00
# Visual Studio Version 17
VisualStudioVersion = 17.1.32210.238
MinimumVisualStudioVersion = 10.0.40219.1
Project("{8BC9CEB8-8B4A-11D0-8D11-00A0C91BC942}") = "ConsoleApplication1", "ConsoleApplication1\ConsoleApplication1.vcxproj", "{530644E7-853F-43E5-9E3B-88E8285DE435}"
EndProject
Project("{FAE04EC0-301F-11D3-BF4B-00C04F79EFBC}") = "WindowsFormsApp1", "WindowsFormsApp1\WindowsFormsApp1.csproj", "{4A530A5F-F45D-4338-877D-70A92A151F22}"
EndProject
Project("{FAE04EC0-301F-11D3-BF4B-00C04F79EFBC}") = "WpfApp2", "WpfApp2\WpfApp2.csproj", "{4A627287-27C8-40FA-95FD-3C08AF86A270}"
EndProject
Project("{FAE04EC0-301F-11D3-BF4B-00C04F79EFBC}") = "ConsoleApp1", "ConsoleApp1\ConsoleApp1.csproj", "{6DB45C2B-857B-4473-8D3C-2611ABF695D3}"
EndProject
Project("{FAE04EC0-301F-11D3-BF4B-00C04F79EFBC}") = "RenamerProject1", "RenamerProject1\RenamerProject1.csproj", "{6B8C2465-DF7F-49CB-9E30-2C6B577CDFF4}"
EndProject
Project("{8BC9CEB8-8B4A-11D0-8D11-00A0C91BC942}") = "ScreenSaver", "ScreenSaver\ScreenSaver.vcxproj", "{1238DE3E-7669-4293-91F3-DF65929E2B97}"
EndProject
Project("{9A19103F-16F7-4668-BE54-9A1E7A4F7556}") = "UnmuteSystemSounds", "UnmuteSystemSounds\UnmuteSystemSounds.csproj", "{7D86487D-685C-45D9-913B-237790F329A8}"
EndProject
Project("{9A19103F-16F7-4668-BE54-9A1E7A4F7556}") = "ServerWatcher", "ServerWatcher\ServerWatcher.csproj", "{F4EB1D0C-D53F-4EEB-9211-170DAC6C5584}"
EndProject
Project("{9A19103F-16F7-4668-BE54-9A1E7A4F7556}") = "Renamer", "Renamer\Renamer.csproj", "{4B44AEF7-3435-4E6F-979F-B322B26AB56C}"
EndProject
Project("{9A19103F-16F7-4668-BE54-9A1E7A4F7556}") = "SwitchDefaultAudioDevice", "SwitchDefaultAudioDevice\SwitchDefaultAudioDevice.csproj", "{6E168088-B382-4F39-A7EB-2CBADB40BD8C}"
EndProject
Project("{9A19103F-16F7-4668-BE54-9A1E7A4F7556}") = "SoundControl", "SoundControl\SoundControl.csproj", "{FBC8FF1F-FC43-4D08-B32E-75C40EDCBFF3}"
EndProject
Project("{9A19103F-16F7-4668-BE54-9A1E7A4F7556}") = "ClassLibraryDotNET6", "ClassLibraryDotNET6\ClassLibraryDotNET6.csproj", "{CA60E5C9-B5F9-4854-A143-43531D9E20F0}"
EndProject
Project("{9A19103F-16F7-4668-BE54-9A1E7A4F7556}") = "TreeViewFileExplorer", "TreeViewFileExplorer\TreeViewFileExplorer.csproj", "{7CF8DB6D-37BD-4E4F-9B2F-DFDD679162A7}"
EndProject
Global
	GlobalSection(SolutionConfigurationPlatforms) = preSolution
		Debug|Any CPU = Debug|Any CPU
		Debug|x64 = Debug|x64
		Debug|x86 = Debug|x86
		Release|Any CPU = Release|Any CPU
		Release|x64 = Release|x64
		Release|x86 = Release|x86
	EndGlobalSection
	GlobalSection(ProjectConfigurationPlatforms) = postSolution
		{530644E7-853F-43E5-9E3B-88E8285DE435}.Debug|Any CPU.ActiveCfg = Debug|Win32
		{530644E7-853F-43E5-9E3B-88E8285DE435}.Debug|Any CPU.Build.0 = Debug|Win32
		{530644E7-853F-43E5-9E3B-88E8285DE435}.Debug|x64.ActiveCfg = Debug|x64
		{530644E7-853F-43E5-9E3B-88E8285DE435}.Debug|x64.Build.0 = Debug|x64
		{530644E7-853F-43E5-9E3B-88E8285DE435}.Debug|x86.ActiveCfg = Debug|Win32
		{530644E7-853F-43E5-9E3B-88E8285DE435}.Debug|x86.Build.0 = Debug|Win32
		{530644E7-853F-43E5-9E3B-88E8285DE435}.Release|Any CPU.ActiveCfg = Release|Win32
		{530644E7-853F-43E5-9E3B-88E8285DE435}.Release|x64.ActiveCfg = Release|x64
		{530644E7-853F-43E5-9E3B-88E8285DE435}.Release|x64.Build.0 = Release|x64
		{530644E7-853F-43E5-9E3B-88E8285DE435}.Release|x86.ActiveCfg = Release|Win32
		{530644E7-853F-43E5-9E3B-88E8285DE435}.Release|x86.Build.0 = Release|Win32
		{4A530A5F-F45D-4338-877D-70A92A151F22}.Debug|Any CPU.ActiveCfg = Debug|Any CPU
		{4A530A5F-F45D-4338-877D-70A92A151F22}.Debug|Any CPU.Build.0 = Debug|Any CPU
		{4A530A5F-F45D-4338-877D-70A92A151F22}.Debug|x64.ActiveCfg = Debug|Any CPU
		{4A530A5F-F45D-4338-877D-70A92A151F22}.Debug|x64.Build.0 = Debug|Any CPU
		{4A530A5F-F45D-4338-877D-70A92A151F22}.Debug|x86.ActiveCfg = Debug|Any CPU
		{4A530A5F-F45D-4338-877D-70A92A151F22}.Debug|x86.Build.0 = Debug|Any CPU
		{4A530A5F-F45D-4338-877D-70A92A151F22}.Release|Any CPU.ActiveCfg = Release|Any CPU
		{4A530A5F-F45D-4338-877D-70A92A151F22}.Release|x64.ActiveCfg = Release|Any CPU
		{4A530A5F-F45D-4338-877D-70A92A151F22}.Release|x64.Build.0 = Release|Any CPU
		{4A530A5F-F45D-4338-877D-70A92A151F22}.Release|x86.ActiveCfg = Release|Any CPU
		{4A530A5F-F45D-4338-877D-70A92A151F22}.Release|x86.Build.0 = Release|Any CPU
		{4A627287-27C8-40FA-95FD-3C08AF86A270}.Debug|Any CPU.ActiveCfg = Debug|Any CPU
		{4A627287-27C8-40FA-95FD-3C08AF86A270}.Debug|Any CPU.Build.0 = Debug|Any CPU
		{4A627287-27C8-40FA-95FD-3C08AF86A270}.Debug|x64.ActiveCfg = Debug|Any CPU
		{4A627287-27C8-40FA-95FD-3C08AF86A270}.Debug|x64.Build.0 = Debug|Any CPU
		{4A627287-27C8-40FA-95FD-3C08AF86A270}.Debug|x86.ActiveCfg = Debug|Any CPU
		{4A627287-27C8-40FA-95FD-3C08AF86A270}.Debug|x86.Build.0 = Debug|Any CPU
		{4A627287-27C8-40FA-95FD-3C08AF86A270}.Release|Any CPU.ActiveCfg = Release|Any CPU
		{4A627287-27C8-40FA-95FD-3C08AF86A270}.Release|x64.ActiveCfg = Release|Any CPU
		{4A627287-27C8-40FA-95FD-3C08AF86A270}.Release|x64.Build.0 = Release|Any CPU
		{4A627287-27C8-40FA-95FD-3C08AF86A270}.Release|x86.ActiveCfg = Release|Any CPU
		{4A627287-27C8-40FA-95FD-3C08AF86A270}.Release|x86.Build.0 = Release|Any CPU
		{6DB45C2B-857B-4473-8D3C-2611ABF695D3}.Debug|Any CPU.ActiveCfg = Debug|Any CPU
		{6DB45C2B-857B-4473-8D3C-2611ABF695D3}.Debug|Any CPU.Build.0 = Debug|Any CPU
		{6DB45C2B-857B-4473-8D3C-2611ABF695D3}.Debug|x64.ActiveCfg = Debug|Any CPU
		{6DB45C2B-857B-4473-8D3C-2611ABF695D3}.Debug|x64.Build.0 = Debug|Any CPU
		{6DB45C2B-857B-4473-8D3C-2611ABF695D3}.Debug|x86.ActiveCfg = Debug|Any CPU
		{6DB45C2B-857B-4473-8D3C-2611ABF695D3}.Debug|x86.Build.0 = Debug|Any CPU
		{6DB45C2B-857B-4473-8D3C-2611ABF695D3}.Release|Any CPU.ActiveCfg = Release|Any CPU
		{6DB45C2B-857B-4473-8D3C-2611ABF695D3}.Release|x64.ActiveCfg = Release|Any CPU
		{6DB45C2B-857B-4473-8D3C-2611ABF695D3}.Release|x64.Build.0 = Release|Any CPU
		{6DB45C2B-857B-4473-8D3C-2611ABF695D3}.Release|x86.ActiveCfg = Release|Any CPU
		{6DB45C2B-857B-4473-8D3C-2611ABF695D3}.Release|x86.Build.0 = Release|Any CPU
		{6B8C2465-DF7F-49CB-9E30-2C6B577CDFF4}.Debug|Any CPU.ActiveCfg = Debug|Any CPU
		{6B8C2465-DF7F-49CB-9E30-2C6B577CDFF4}.Debug|Any CPU.Build.0 = Debug|Any CPU
		{6B8C2465-DF7F-49CB-9E30-2C6B577CDFF4}.Debug|x64.ActiveCfg = Debug|Any CPU
		{6B8C2465-DF7F-49CB-9E30-2C6B577CDFF4}.Debug|x64.Build.0 = Debug|Any CPU
		{6B8C2465-DF7F-49CB-9E30-2C6B577CDFF4}.Debug|x86.ActiveCfg = Debug|Any CPU
		{6B8C2465-DF7F-49CB-9E30-2C6B577CDFF4}.Debug|x86.Build.0 = Debug|Any CPU
		{6B8C2465-DF7F-49CB-9E30-2C6B577CDFF4}.Release|Any CPU.ActiveCfg = Release|Any CPU
		{6B8C2465-DF7F-49CB-9E30-2C6B577CDFF4}.Release|Any CPU.Build.0 = Release|Any CPU
		{6B8C2465-DF7F-49CB-9E30-2C6B577CDFF4}.Release|x64.ActiveCfg = Release|Any CPU
		{6B8C2465-DF7F-49CB-9E30-2C6B577CDFF4}.Release|x64.Build.0 = Release|Any CPU
		{6B8C2465-DF7F-49CB-9E30-2C6B577CDFF4}.Release|x86.ActiveCfg = Release|Any CPU
		{6B8C2465-DF7F-49CB-9E30-2C6B577CDFF4}.Release|x86.Build.0 = Release|Any CPU
		{1238DE3E-7669-4293-91F3-DF65929E2B97}.Debug|Any CPU.ActiveCfg = Debug|Win32
		{1238DE3E-7669-4293-91F3-DF65929E2B97}.Debug|Any CPU.Build.0 = Debug|Win32
		{1238DE3E-7669-4293-91F3-DF65929E2B97}.Debug|x64.ActiveCfg = Debug|x64
		{1238DE3E-7669-4293-91F3-DF65929E2B97}.Debug|x64.Build.0 = Debug|x64
		{1238DE3E-7669-4293-91F3-DF65929E2B97}.Debug|x86.ActiveCfg = Debug|Win32
		{1238DE3E-7669-4293-91F3-DF65929E2B97}.Debug|x86.Build.0 = Debug|Win32
		{1238DE3E-7669-4293-91F3-DF65929E2B97}.Release|Any CPU.ActiveCfg = Release|Win32
		{1238DE3E-7669-4293-91F3-DF65929E2B97}.Release|Any CPU.Build.0 = Release|Win32
		{1238DE3E-7669-4293-91F3-DF65929E2B97}.Release|x64.ActiveCfg = Release|x64
		{1238DE3E-7669-4293-91F3-DF65929E2B97}.Release|x64.Build.0 = Release|x64
		{1238DE3E-7669-4293-91F3-DF65929E2B97}.Release|x86.ActiveCfg = Release|Win32
		{1238DE3E-7669-4293-91F3-DF65929E2B97}.Release|x86.Build.0 = Release|Win32
		{7D86487D-685C-45D9-913B-237790F329A8}.Debug|Any CPU.ActiveCfg = Debug|Any CPU
		{7D86487D-685C-45D9-913B-237790F329A8}.Debug|Any CPU.Build.0 = Debug|Any CPU
		{7D86487D-685C-45D9-913B-237790F329A8}.Debug|x64.ActiveCfg = Debug|Any CPU
		{7D86487D-685C-45D9-913B-237790F329A8}.Debug|x64.Build.0 = Debug|Any CPU
		{7D86487D-685C-45D9-913B-237790F329A8}.Debug|x86.ActiveCfg = Debug|Any CPU
		{7D86487D-685C-45D9-913B-237790F329A8}.Debug|x86.Build.0 = Debug|Any CPU
		{7D86487D-685C-45D9-913B-237790F329A8}.Release|Any CPU.ActiveCfg = Release|Any CPU
		{7D86487D-685C-45D9-913B-237790F329A8}.Release|Any CPU.Build.0 = Release|Any CPU
		{7D86487D-685C-45D9-913B-237790F329A8}.Release|x64.ActiveCfg = Release|Any CPU
		{7D86487D-685C-45D9-913B-237790F329A8}.Release|x64.Build.0 = Release|Any CPU
		{7D86487D-685C-45D9-913B-237790F329A8}.Release|x86.ActiveCfg = Release|Any CPU
		{7D86487D-685C-45D9-913B-237790F329A8}.Release|x86.Build.0 = Release|Any CPU
		{F4EB1D0C-D53F-4EEB-9211-170DAC6C5584}.Debug|Any CPU.ActiveCfg = Debug|Any CPU
		{F4EB1D0C-D53F-4EEB-9211-170DAC6C5584}.Debug|Any CPU.Build.0 = Debug|Any CPU
		{F4EB1D0C-D53F-4EEB-9211-170DAC6C5584}.Debug|x64.ActiveCfg = Debug|Any CPU
		{F4EB1D0C-D53F-4EEB-9211-170DAC6C5584}.Debug|x64.Build.0 = Debug|Any CPU
		{F4EB1D0C-D53F-4EEB-9211-170DAC6C5584}.Debug|x86.ActiveCfg = Debug|Any CPU
		{F4EB1D0C-D53F-4EEB-9211-170DAC6C5584}.Debug|x86.Build.0 = Debug|Any CPU
		{F4EB1D0C-D53F-4EEB-9211-170DAC6C5584}.Release|Any CPU.ActiveCfg = Release|Any CPU
		{F4EB1D0C-D53F-4EEB-9211-170DAC6C5584}.Release|Any CPU.Build.0 = Release|Any CPU
		{F4EB1D0C-D53F-4EEB-9211-170DAC6C5584}.Release|x64.ActiveCfg = Release|Any CPU
		{F4EB1D0C-D53F-4EEB-9211-170DAC6C5584}.Release|x64.Build.0 = Release|Any CPU
		{F4EB1D0C-D53F-4EEB-9211-170DAC6C5584}.Release|x86.ActiveCfg = Release|Any CPU
		{F4EB1D0C-D53F-4EEB-9211-170DAC6C5584}.Release|x86.Build.0 = Release|Any CPU
		{4B44AEF7-3435-4E6F-979F-B322B26AB56C}.Debug|Any CPU.ActiveCfg = Debug|Any CPU
		{4B44AEF7-3435-4E6F-979F-B322B26AB56C}.Debug|Any CPU.Build.0 = Debug|Any CPU
		{4B44AEF7-3435-4E6F-979F-B322B26AB56C}.Debug|x64.ActiveCfg = Debug|Any CPU
		{4B44AEF7-3435-4E6F-979F-B322B26AB56C}.Debug|x64.Build.0 = Debug|Any CPU
		{4B44AEF7-3435-4E6F-979F-B322B26AB56C}.Debug|x86.ActiveCfg = Debug|Any CPU
		{4B44AEF7-3435-4E6F-979F-B322B26AB56C}.Debug|x86.Build.0 = Debug|Any CPU
		{4B44AEF7-3435-4E6F-979F-B322B26AB56C}.Release|Any CPU.ActiveCfg = Release|Any CPU
		{4B44AEF7-3435-4E6F-979F-B322B26AB56C}.Release|Any CPU.Build.0 = Release|Any CPU
		{4B44AEF7-3435-4E6F-979F-B322B26AB56C}.Release|x64.ActiveCfg = Release|Any CPU
		{4B44AEF7-3435-4E6F-979F-B322B26AB56C}.Release|x64.Build.0 = Release|Any CPU
		{4B44AEF7-3435-4E6F-979F-B322B26AB56C}.Release|x86.ActiveCfg = Release|Any CPU
		{4B44AEF7-3435-4E6F-979F-B322B26AB56C}.Release|x86.Build.0 = Release|Any CPU
		{6E168088-B382-4F39-A7EB-2CBADB40BD8C}.Debug|Any CPU.ActiveCfg = Debug|Any CPU
		{6E168088-B382-4F39-A7EB-2CBADB40BD8C}.Debug|Any CPU.Build.0 = Debug|Any CPU
		{6E168088-B382-4F39-A7EB-2CBADB40BD8C}.Debug|x64.ActiveCfg = Debug|Any CPU
		{6E168088-B382-4F39-A7EB-2CBADB40BD8C}.Debug|x64.Build.0 = Debug|Any CPU
		{6E168088-B382-4F39-A7EB-2CBADB40BD8C}.Debug|x86.ActiveCfg = Debug|Any CPU
		{6E168088-B382-4F39-A7EB-2CBADB40BD8C}.Debug|x86.Build.0 = Debug|Any CPU
		{6E168088-B382-4F39-A7EB-2CBADB40BD8C}.Release|Any CPU.ActiveCfg = Release|Any CPU
		{6E168088-B382-4F39-A7EB-2CBADB40BD8C}.Release|Any CPU.Build.0 = Release|Any CPU
		{6E168088-B382-4F39-A7EB-2CBADB40BD8C}.Release|x64.ActiveCfg = Release|Any CPU
		{6E168088-B382-4F39-A7EB-2CBADB40BD8C}.Release|x64.Build.0 = Release|Any CPU
		{6E168088-B382-4F39-A7EB-2CBADB40BD8C}.Release|x86.ActiveCfg = Release|Any CPU
		{6E168088-B382-4F39-A7EB-2CBADB40BD8C}.Release|x86.Build.0 = Release|Any CPU
		{FBC8FF1F-FC43-4D08-B32E-75C40EDCBFF3}.Debug|Any CPU.ActiveCfg = Debug|Any CPU
		{FBC8FF1F-FC43-4D08-B32E-75C40EDCBFF3}.Debug|Any CPU.Build.0 = Debug|Any CPU
		{FBC8FF1F-FC43-4D08-B32E-75C40EDCBFF3}.Debug|x64.ActiveCfg = Debug|Any CPU
		{FBC8FF1F-FC43-4D08-B32E-75C40EDCBFF3}.Debug|x64.Build.0 = Debug|Any CPU
		{FBC8FF1F-FC43-4D08-B32E-75C40EDCBFF3}.Debug|x86.ActiveCfg = Debug|Any CPU
		{FBC8FF1F-FC43-4D08-B32E-75C40EDCBFF3}.Debug|x86.Build.0 = Debug|Any CPU
		{FBC8FF1F-FC43-4D08-B32E-75C40EDCBFF3}.Release|Any CPU.ActiveCfg = Release|Any CPU
		{FBC8FF1F-FC43-4D08-B32E-75C40EDCBFF3}.Release|Any CPU.Build.0 = Release|Any CPU
		{FBC8FF1F-FC43-4D08-B32E-75C40EDCBFF3}.Release|x64.ActiveCfg = Release|Any CPU
		{FBC8FF1F-FC43-4D08-B32E-75C40EDCBFF3}.Release|x64.Build.0 = Release|Any CPU
		{FBC8FF1F-FC43-4D08-B32E-75C40EDCBFF3}.Release|x86.ActiveCfg = Release|Any CPU
		{FBC8FF1F-FC43-4D08-B32E-75C40EDCBFF3}.Release|x86.Build.0 = Release|Any CPU
		{CA60E5C9-B5F9-4854-A143-43531D9E20F0}.Debug|Any CPU.ActiveCfg = Debug|Any CPU
		{CA60E5C9-B5F9-4854-A143-43531D9E20F0}.Debug|x64.ActiveCfg = Debug|Any CPU
		{CA60E5C9-B5F9-4854-A143-43531D9E20F0}.Debug|x64.Build.0 = Debug|Any CPU
		{CA60E5C9-B5F9-4854-A143-43531D9E20F0}.Debug|x86.ActiveCfg = Debug|Any CPU
		{CA60E5C9-B5F9-4854-A143-43531D9E20F0}.Debug|x86.Build.0 = Debug|Any CPU
		{CA60E5C9-B5F9-4854-A143-43531D9E20F0}.Release|Any CPU.ActiveCfg = Release|Any CPU
		{CA60E5C9-B5F9-4854-A143-43531D9E20F0}.Release|x64.ActiveCfg = Release|Any CPU
		{CA60E5C9-B5F9-4854-A143-43531D9E20F0}.Release|x64.Build.0 = Release|Any CPU
		{CA60E5C9-B5F9-4854-A143-43531D9E20F0}.Release|x86.ActiveCfg = Release|Any CPU
		{CA60E5C9-B5F9-4854-A143-43531D9E20F0}.Release|x86.Build.0 = Release|Any CPU
		{7CF8DB6D-37BD-4E4F-9B2F-DFDD679162A7}.Debug|Any CPU.ActiveCfg = Debug|Any CPU
		{7CF8DB6D-37BD-4E4F-9B2F-DFDD679162A7}.Debug|Any CPU.Build.0 = Debug|Any CPU
		{7CF8DB6D-37BD-4E4F-9B2F-DFDD679162A7}.Debug|x64.ActiveCfg = Debug|Any CPU
		{7CF8DB6D-37BD-4E4F-9B2F-DFDD679162A7}.Debug|x64.Build.0 = Debug|Any CPU
		{7CF8DB6D-37BD-4E4F-9B2F-DFDD679162A7}.Debug|x86.ActiveCfg = Debug|Any CPU
		{7CF8DB6D-37BD-4E4F-9B2F-DFDD679162A7}.Debug|x86.Build.0 = Debug|Any CPU
		{7CF8DB6D-37BD-4E4F-9B2F-DFDD679162A7}.Release|Any CPU.ActiveCfg = Release|Any CPU
		{7CF8DB6D-37BD-4E4F-9B2F-DFDD679162A7}.Release|Any CPU.Build.0 = Release|Any CPU
		{7CF8DB6D-37BD-4E4F-9B2F-DFDD679162A7}.Release|x64.ActiveCfg = Release|Any CPU
		{7CF8DB6D-37BD-4E4F-9B2F-DFDD679162A7}.Release|x64.Build.0 = Release|Any CPU
		{7CF8DB6D-37BD-4E4F-9B2F-DFDD679162A7}.Release|x86.ActiveCfg = Release|Any CPU
		{7CF8DB6D-37BD-4E4F-9B2F-DFDD679162A7}.Release|x86.Build.0 = Release|Any CPU
	EndGlobalSection
	GlobalSection(SolutionProperties) = preSolution
		HideSolutionNode = FALSE
	EndGlobalSection
	GlobalSection(ExtensibilityGlobals) = postSolution
		SolutionGuid = {BD7F5A69-8028-47A9-89DA-6E73E0FA2F4C}
	EndGlobalSection
	GlobalSection(Performance) = preSolution
		HasPerformanceSessions = true
	EndGlobalSection
EndGlobal
